
Microsoft Visual Studio Solution File, Format Version 12.00
# Visual Studio Version 16
VisualStudioVersion = 16.0.33927.289
MinimumVisualStudioVersion = 10.0.40219.1
Project("{FAE04EC0-301F-11D3-BF4B-00C04F79EFBC}") = "autoupdate_app", "autoupdate_app.csproj", "{FC38575D-EB93-4F6D-A033-CBB182FB7360}"
EndProject
Global
	GlobalSection(SolutionConfigurationPlatforms) = preSolution
		Debug|Any CPU = Debug|Any CPU
		Release|Any CPU = Release|Any CPU
	EndGlobalSection
	GlobalSection(ProjectConfigurationPlatforms) = postSolution
		{FC38575D-EB93-4F6D-A033-CBB182FB7360}.Debug|Any CPU.ActiveCfg = Debug|Any CPU
		{FC38575D-EB93-4F6D-A033-CBB182FB7360}.Debug|Any CPU.Build.0 = Debug|Any CPU
		{FC38575D-EB93-4F6D-A033-CBB182FB7360}.Release|Any CPU.ActiveCfg = Release|Any CPU
		{FC38575D-EB93-4F6D-A033-CBB182FB7360}.Release|Any CPU.Build.0 = Release|Any CPU
	EndGlobalSection
	GlobalSection(SolutionProperties) = preSolution
		HideSolutionNode = FALSE
	EndGlobalSection
	GlobalSection(ExtensibilityGlobals) = postSolution
		SolutionGuid = {A83E215A-B670-4EA6-AD54-A03882EA1D76}
	EndGlobalSection
EndGlobal
